
Microsoft Visual Studio Solution File, Format Version 12.00
# Visual Studio Version 16
VisualStudioVersion = 16.0.31605.320
MinimumVisualStudioVersion = 10.0.40219.1
Project("{9A19103F-16F7-4668-BE54-9A1E7A4F7556}") = "Meetings", "Meetings\Meetings.csproj", "{BBF5CE19-B91F-4428-A1B7-DB9B80EBB988}"
EndProject
Project("{9A19103F-16F7-4668-BE54-9A1E7A4F7556}") = "Meetings.Tests", "Meetings.Tests\Meetings.Tests.csproj", "{C24AF395-1493-4977-904C-6BE5956EDE5B}"
	ProjectSection(ProjectDependencies) = postProject
		{BBF5CE19-B91F-4428-A1B7-DB9B80EBB988} = {BBF5CE19-B91F-4428-A1B7-DB9B80EBB988}
	EndProjectSection
EndProject
Global
	GlobalSection(SolutionConfigurationPlatforms) = preSolution
		Debug|Any CPU = Debug|Any CPU
		Release|Any CPU = Release|Any CPU
	EndGlobalSection
	GlobalSection(ProjectConfigurationPlatforms) = postSolution
		{BBF5CE19-B91F-4428-A1B7-DB9B80EBB988}.Debug|Any CPU.ActiveCfg = Debug|Any CPU
		{BBF5CE19-B91F-4428-A1B7-DB9B80EBB988}.Debug|Any CPU.Build.0 = Debug|Any CPU
		{BBF5CE19-B91F-4428-A1B7-DB9B80EBB988}.Release|Any CPU.ActiveCfg = Release|Any CPU
		{BBF5CE19-B91F-4428-A1B7-DB9B80EBB988}.Release|Any CPU.Build.0 = Release|Any CPU
		{C24AF395-1493-4977-904C-6BE5956EDE5B}.Debug|Any CPU.ActiveCfg = Debug|Any CPU
		{C24AF395-1493-4977-904C-6BE5956EDE5B}.Debug|Any CPU.Build.0 = Debug|Any CPU
		{C24AF395-1493-4977-904C-6BE5956EDE5B}.Release|Any CPU.ActiveCfg = Release|Any CPU
		{C24AF395-1493-4977-904C-6BE5956EDE5B}.Release|Any CPU.Build.0 = Release|Any CPU
	EndGlobalSection
	GlobalSection(SolutionProperties) = preSolution
		HideSolutionNode = FALSE
	EndGlobalSection
	GlobalSection(ExtensibilityGlobals) = postSolution
		SolutionGuid = {0914791C-FD5B-451A-AD02-5947A66D96B3}
	EndGlobalSection
EndGlobal
